{
  "lockfile-version": 1,
  "manifest": {
    "version": 1,
    "install": {
      "nodejs": {
        "pkg-path": "nodejs"
      }
    },
    "vars": {},
    "hook": {
      "on-activate": "  # Autogenerated by Flox\n\n  # Install nodejs depedencies\n  npm install\n\n  # End autogenerated by Flox\n"
    },
    "profile": {},
    "options": {
      "systems": [
        "aarch64-darwin",
        "aarch64-linux",
        "x86_64-darwin",
        "x86_64-linux"
      ],
      "allow": {
        "licenses": []
      },
      "semver": {}
    },
    "services": {},
    "build": {}
  },
  "packages": [
    {
      "attr_path": "nodejs",
      "broken": false,
      "derivation": "/nix/store/ynhixqy7ih4sjpww3y7ra64fn3s92y6j-nodejs-20.17.0.drv",
      "description": "Event-driven I/O framework for the V8 JavaScript engine",
      "install_id": "nodejs",
      "license": "MIT",
      "locked_url": "https://github.com/flox/nixpkgs?rev=5633bcff0c6162b9e4b5f1264264611e950c8ec7",
      "name": "nodejs-20.17.0",
      "pname": "nodejs",
      "rev": "5633bcff0c6162b9e4b5f1264264611e950c8ec7",
      "rev_count": 690827,
      "rev_date": "2024-10-09T16:51:18Z",
      "scrape_date": "2024-10-11T03:53:01Z",
      "stabilities": [
        "staging",
        "unstable"
      ],
      "unfree": false,
      "version": "20.17.0",
      "outputs_to_install": [
        "out"
      ],
      "outputs": {
        "libv8": "/nix/store/baf3p9zf8dn2arp6wjkdi3v0g2xgfd6y-nodejs-20.17.0-libv8",
        "out": "/nix/store/hxl1k8qgmrm1vfq5f419iv4wybz9szqq-nodejs-20.17.0"
      },
      "system": "aarch64-darwin",
      "group": "toplevel",
      "priority": 5
    },
    {
      "attr_path": "nodejs",
      "broken": false,
      "derivation": "/nix/store/fr04z10588nlfmms64ask1g6nvg48vk1-nodejs-20.17.0.drv",
      "description": "Event-driven I/O framework for the V8 JavaScript engine",
      "install_id": "nodejs",
      "license": "MIT",
      "locked_url": "https://github.com/flox/nixpkgs?rev=5633bcff0c6162b9e4b5f1264264611e950c8ec7",
      "name": "nodejs-20.17.0",
      "pname": "nodejs",
      "rev": "5633bcff0c6162b9e4b5f1264264611e950c8ec7",
      "rev_count": 690827,
      "rev_date": "2024-10-09T16:51:18Z",
      "scrape_date": "2024-10-11T03:53:01Z",
      "stabilities": [
        "staging",
        "unstable"
      ],
      "unfree": false,
      "version": "20.17.0",
      "outputs_to_install": [
        "out"
      ],
      "outputs": {
        "libv8": "/nix/store/0c57mzp5bqf0pp4a0pdj8wynphsgi92c-nodejs-20.17.0-libv8",
        "out": "/nix/store/vc64zpxndmp3xh9699yb2vpbl81pxbk0-nodejs-20.17.0"
      },
      "system": "aarch64-linux",
      "group": "toplevel",
      "priority": 5
    },
    {
      "attr_path": "nodejs",
      "broken": false,
      "derivation": "/nix/store/pmw8kl5dckr1zfb4ny27v6gjk9aa9nrp-nodejs-20.17.0.drv",
      "description": "Event-driven I/O framework for the V8 JavaScript engine",
      "install_id": "nodejs",
      "license": "MIT",
      "locked_url": "https://github.com/flox/nixpkgs?rev=5633bcff0c6162b9e4b5f1264264611e950c8ec7",
      "name": "nodejs-20.17.0",
      "pname": "nodejs",
      "rev": "5633bcff0c6162b9e4b5f1264264611e950c8ec7",
      "rev_count": 690827,
      "rev_date": "2024-10-09T16:51:18Z",
      "scrape_date": "2024-10-11T03:53:01Z",
      "stabilities": [
        "staging",
        "unstable"
      ],
      "unfree": false,
      "version": "20.17.0",
      "outputs_to_install": [
        "out"
      ],
      "outputs": {
        "libv8": "/nix/store/n4xvswmgb3ql2440bkl8xk4i3b11w46x-nodejs-20.17.0-libv8",
        "out": "/nix/store/lgyrki1i0205nwh51c1h22bhl95x0nyd-nodejs-20.17.0"
      },
      "system": "x86_64-darwin",
      "group": "toplevel",
      "priority": 5
    },
    {
      "attr_path": "nodejs",
      "broken": false,
      "derivation": "/nix/store/3hxn26fh3cpz4rnx3lcwm5cb0vg15rzk-nodejs-20.17.0.drv",
      "description": "Event-driven I/O framework for the V8 JavaScript engine",
      "install_id": "nodejs",
      "license": "MIT",
      "locked_url": "https://github.com/flox/nixpkgs?rev=5633bcff0c6162b9e4b5f1264264611e950c8ec7",
      "name": "nodejs-20.17.0",
      "pname": "nodejs",
      "rev": "5633bcff0c6162b9e4b5f1264264611e950c8ec7",
      "rev_count": 690827,
      "rev_date": "2024-10-09T16:51:18Z",
      "scrape_date": "2024-10-11T03:53:01Z",
      "stabilities": [
        "staging",
        "unstable"
      ],
      "unfree": false,
      "version": "20.17.0",
      "outputs_to_install": [
        "out"
      ],
      "outputs": {
        "libv8": "/nix/store/bsqha32xvv1j20bwkhr2wsnclk4qsi3a-nodejs-20.17.0-libv8",
        "out": "/nix/store/w78sh036dyn14f29w8za9ni9syrmwm3q-nodejs-20.17.0"
      },
      "system": "x86_64-linux",
      "group": "toplevel",
      "priority": 5
    }
  ]
}